
Microsoft Visual Studio Solution File, Format Version 12.00
# Visual Studio Version 17
VisualStudioVersion = 17.5.33424.131
MinimumVisualStudioVersion = 10.0.40219.1
Project("{8BC9CEB8-8B4A-11D0-8D11-00A0C91BC942}") = "MyPractice", "MyPractice\MyPractice.vcxproj", "{9EB758D2-31AA-444D-B748-73161C8727B9}"
EndProject
Project("{2150E333-8FDC-42A3-9474-1A3956D46DE8}") = "Level0", "Level0", "{0065B330-B70A-4CC2-B471-03EEE2FF02C1}"
EndProject
Project("{2150E333-8FDC-42A3-9474-1A3956D46DE8}") = "Level1", "Level1", "{DB05F301-1BAD-49A1-9012-8B23734EBD01}"
EndProject
Project("{2150E333-8FDC-42A3-9474-1A3956D46DE8}") = "Level2", "Level2", "{F1BF62D3-FEC4-41F8-93B4-90F629CF34F1}"
EndProject
Project("{2150E333-8FDC-42A3-9474-1A3956D46DE8}") = "Level3", "Level3", "{F6ABF475-55BA-4007-A774-79C9D757A3DC}"
EndProject
Project("{2150E333-8FDC-42A3-9474-1A3956D46DE8}") = "Level4", "Level4", "{A6B31EBD-BBB7-47AD-95A9-06A7A0902D04}"
EndProject
Project("{8BC9CEB8-8B4A-11D0-8D11-00A0C91BC942}") = "GameEngineBase", "GameEngineBase\GameEngineBase.vcxproj", "{61AD5A75-0125-4A92-86F0-B05D4EE8416D}"
EndProject
Project("{8BC9CEB8-8B4A-11D0-8D11-00A0C91BC942}") = "GameEngineCore", "GameEngineCore\GameEngineCore.vcxproj", "{6D3CE163-C255-4082-A834-1186E106D8DF}"
	ProjectSection(ProjectDependencies) = postProject
		{61AD5A75-0125-4A92-86F0-B05D4EE8416D} = {61AD5A75-0125-4A92-86F0-B05D4EE8416D}
	EndProjectSection
EndProject
Project("{8BC9CEB8-8B4A-11D0-8D11-00A0C91BC942}") = "KirbyEngineContents", "KirbyEngineContents\KirbyEngineContents.vcxproj", "{FF16E4E3-DCCD-4F09-B9A7-6676C4671D0D}"
	ProjectSection(ProjectDependencies) = postProject
		{61AD5A75-0125-4A92-86F0-B05D4EE8416D} = {61AD5A75-0125-4A92-86F0-B05D4EE8416D}
		{6D3CE163-C255-4082-A834-1186E106D8DF} = {6D3CE163-C255-4082-A834-1186E106D8DF}
	EndProjectSection
EndProject
Project("{8BC9CEB8-8B4A-11D0-8D11-00A0C91BC942}") = "Kirby", "Kirby\Kirby.vcxproj", "{437D53F0-56BF-4356-B1FF-E0DF326AA6F1}"
	ProjectSection(ProjectDependencies) = postProject
		{61AD5A75-0125-4A92-86F0-B05D4EE8416D} = {61AD5A75-0125-4A92-86F0-B05D4EE8416D}
		{6D3CE163-C255-4082-A834-1186E106D8DF} = {6D3CE163-C255-4082-A834-1186E106D8DF}
		{FF16E4E3-DCCD-4F09-B9A7-6676C4671D0D} = {FF16E4E3-DCCD-4F09-B9A7-6676C4671D0D}
	EndProjectSection
EndProject
Project("{8BC9CEB8-8B4A-11D0-8D11-00A0C91BC942}") = "GameEnginePlatform", "..\..\..\WinApi_Project_Kirby\WinApi_Kirby_Squeak-Squad\WinApi\GameEnginePlatform\GameEnginePlatform.vcxproj", "{14FA8CF7-EA7F-41B3-B306-A39AFCA3542B}"
	ProjectSection(ProjectDependencies) = postProject
		{61AD5A75-0125-4A92-86F0-B05D4EE8416D} = {61AD5A75-0125-4A92-86F0-B05D4EE8416D}
	EndProjectSection
EndProject
Global
	GlobalSection(SolutionConfigurationPlatforms) = preSolution
		Debug|x64 = Debug|x64
		Debug|x86 = Debug|x86
		Release|x64 = Release|x64
		Release|x86 = Release|x86
	EndGlobalSection
	GlobalSection(ProjectConfigurationPlatforms) = postSolution
		{9EB758D2-31AA-444D-B748-73161C8727B9}.Debug|x64.ActiveCfg = Debug|x64
		{9EB758D2-31AA-444D-B748-73161C8727B9}.Debug|x64.Build.0 = Debug|x64
		{9EB758D2-31AA-444D-B748-73161C8727B9}.Debug|x86.ActiveCfg = Debug|Win32
		{9EB758D2-31AA-444D-B748-73161C8727B9}.Debug|x86.Build.0 = Debug|Win32
		{9EB758D2-31AA-444D-B748-73161C8727B9}.Release|x64.ActiveCfg = Release|x64
		{9EB758D2-31AA-444D-B748-73161C8727B9}.Release|x64.Build.0 = Release|x64
		{9EB758D2-31AA-444D-B748-73161C8727B9}.Release|x86.ActiveCfg = Release|Win32
		{9EB758D2-31AA-444D-B748-73161C8727B9}.Release|x86.Build.0 = Release|Win32
		{61AD5A75-0125-4A92-86F0-B05D4EE8416D}.Debug|x64.ActiveCfg = Debug|x64
		{61AD5A75-0125-4A92-86F0-B05D4EE8416D}.Debug|x64.Build.0 = Debug|x64
		{61AD5A75-0125-4A92-86F0-B05D4EE8416D}.Debug|x86.ActiveCfg = Debug|Win32
		{61AD5A75-0125-4A92-86F0-B05D4EE8416D}.Debug|x86.Build.0 = Debug|Win32
		{61AD5A75-0125-4A92-86F0-B05D4EE8416D}.Release|x64.ActiveCfg = Release|x64
		{61AD5A75-0125-4A92-86F0-B05D4EE8416D}.Release|x64.Build.0 = Release|x64
		{61AD5A75-0125-4A92-86F0-B05D4EE8416D}.Release|x86.ActiveCfg = Release|Win32
		{61AD5A75-0125-4A92-86F0-B05D4EE8416D}.Release|x86.Build.0 = Release|Win32
		{6D3CE163-C255-4082-A834-1186E106D8DF}.Debug|x64.ActiveCfg = Debug|x64
		{6D3CE163-C255-4082-A834-1186E106D8DF}.Debug|x64.Build.0 = Debug|x64
		{6D3CE163-C255-4082-A834-1186E106D8DF}.Debug|x86.ActiveCfg = Debug|Win32
		{6D3CE163-C255-4082-A834-1186E106D8DF}.Debug|x86.Build.0 = Debug|Win32
		{6D3CE163-C255-4082-A834-1186E106D8DF}.Release|x64.ActiveCfg = Release|x64
		{6D3CE163-C255-4082-A834-1186E106D8DF}.Release|x64.Build.0 = Release|x64
		{6D3CE163-C255-4082-A834-1186E106D8DF}.Release|x86.ActiveCfg = Release|Win32
		{6D3CE163-C255-4082-A834-1186E106D8DF}.Release|x86.Build.0 = Release|Win32
		{FF16E4E3-DCCD-4F09-B9A7-6676C4671D0D}.Debug|x64.ActiveCfg = Debug|x64
		{FF16E4E3-DCCD-4F09-B9A7-6676C4671D0D}.Debug|x64.Build.0 = Debug|x64
		{FF16E4E3-DCCD-4F09-B9A7-6676C4671D0D}.Debug|x86.ActiveCfg = Debug|Win32
		{FF16E4E3-DCCD-4F09-B9A7-6676C4671D0D}.Debug|x86.Build.0 = Debug|Win32
		{FF16E4E3-DCCD-4F09-B9A7-6676C4671D0D}.Release|x64.ActiveCfg = Release|x64
		{FF16E4E3-DCCD-4F09-B9A7-6676C4671D0D}.Release|x64.Build.0 = Release|x64
		{FF16E4E3-DCCD-4F09-B9A7-6676C4671D0D}.Release|x86.ActiveCfg = Release|Win32
		{FF16E4E3-DCCD-4F09-B9A7-6676C4671D0D}.Release|x86.Build.0 = Release|Win32
		{437D53F0-56BF-4356-B1FF-E0DF326AA6F1}.Debug|x64.ActiveCfg = Debug|x64
		{437D53F0-56BF-4356-B1FF-E0DF326AA6F1}.Debug|x64.Build.0 = Debug|x64
		{437D53F0-56BF-4356-B1FF-E0DF326AA6F1}.Debug|x86.ActiveCfg = Debug|Win32
		{437D53F0-56BF-4356-B1FF-E0DF326AA6F1}.Debug|x86.Build.0 = Debug|Win32
		{437D53F0-56BF-4356-B1FF-E0DF326AA6F1}.Release|x64.ActiveCfg = Release|x64
		{437D53F0-56BF-4356-B1FF-E0DF326AA6F1}.Release|x64.Build.0 = Release|x64
		{437D53F0-56BF-4356-B1FF-E0DF326AA6F1}.Release|x86.ActiveCfg = Release|Win32
		{437D53F0-56BF-4356-B1FF-E0DF326AA6F1}.Release|x86.Build.0 = Release|Win32
		{14FA8CF7-EA7F-41B3-B306-A39AFCA3542B}.Debug|x64.ActiveCfg = Debug|x64
		{14FA8CF7-EA7F-41B3-B306-A39AFCA3542B}.Debug|x64.Build.0 = Debug|x64
		{14FA8CF7-EA7F-41B3-B306-A39AFCA3542B}.Debug|x86.ActiveCfg = Debug|Win32
		{14FA8CF7-EA7F-41B3-B306-A39AFCA3542B}.Debug|x86.Build.0 = Debug|Win32
		{14FA8CF7-EA7F-41B3-B306-A39AFCA3542B}.Release|x64.ActiveCfg = Release|x64
		{14FA8CF7-EA7F-41B3-B306-A39AFCA3542B}.Release|x64.Build.0 = Release|x64
		{14FA8CF7-EA7F-41B3-B306-A39AFCA3542B}.Release|x86.ActiveCfg = Release|Win32
		{14FA8CF7-EA7F-41B3-B306-A39AFCA3542B}.Release|x86.Build.0 = Release|Win32
	EndGlobalSection
	GlobalSection(SolutionProperties) = preSolution
		HideSolutionNode = FALSE
	EndGlobalSection
	GlobalSection(NestedProjects) = preSolution
		{61AD5A75-0125-4A92-86F0-B05D4EE8416D} = {0065B330-B70A-4CC2-B471-03EEE2FF02C1}
		{6D3CE163-C255-4082-A834-1186E106D8DF} = {F1BF62D3-FEC4-41F8-93B4-90F629CF34F1}
		{FF16E4E3-DCCD-4F09-B9A7-6676C4671D0D} = {F6ABF475-55BA-4007-A774-79C9D757A3DC}
		{437D53F0-56BF-4356-B1FF-E0DF326AA6F1} = {A6B31EBD-BBB7-47AD-95A9-06A7A0902D04}
		{14FA8CF7-EA7F-41B3-B306-A39AFCA3542B} = {DB05F301-1BAD-49A1-9012-8B23734EBD01}
	EndGlobalSection
	GlobalSection(ExtensibilityGlobals) = postSolution
		SolutionGuid = {8AC7F963-6E93-4790-AFBB-9FE82994B48C}
	EndGlobalSection
EndGlobal
